lockfileVersion: 5.3

specifiers:
  rollup: ^2.64.0

devDependencies:
  rollup: 2.64.0

packages:

  /fsevents/2.3.2:
    resolution: {integrity: sha512-xiqMQR4xAeHTuB9uWm+fFRcIOgKBMiOBP+eXiyT7jsgVCq1bkVygt00oASowB7EdtpOHaaPgKt812P9ab+DDKA==}
    engines: {node: ^8.16.0 || ^10.6.0 || >=11.0.0}
    os: [darwin]
    requiresBuild: true
    dev: true
    optional: true

  /rollup/2.64.0:
    resolution: {integrity: sha512-+c+lbw1lexBKSMb1yxGDVfJ+vchJH3qLbmavR+awDinTDA2C5Ug9u7lkOzj62SCu0PKUExsW36tpgW7Fmpn3yQ==}
    engines: {node: '>=10.0.0'}
    hasBin: true
    optionalDependencies:
      fsevents: 2.3.2
    dev: true
